
Microsoft Visual Studio Solution File, Format Version 12.00
Project("{FAE04EC0-301F-11D3-BF4B-00C04F79EFBC}") = "CodingChallenge", "CodingChallenge\CodingChallenge.csproj", "{3CC86C19-DAEA-4EE5-85C8-0329883CEFF4}"
EndProject
Project("{FAE04EC0-301F-11D3-BF4B-00C04F79EFBC}") = "CodingChallenge.Tests", "CodingChallenge.Tests\CodingChallenge.Tests.csproj", "{0612B17E-EE27-4E56-93B8-F56CE165FE6B}"
EndProject
Global
	GlobalSection(SolutionConfigurationPlatforms) = preSolution
		Debug|Any CPU = Debug|Any CPU
		Release|Any CPU = Release|Any CPU
	EndGlobalSection
	GlobalSection(ProjectConfigurationPlatforms) = postSolution
		{3CC86C19-DAEA-4EE5-85C8-0329883CEFF4}.Debug|Any CPU.ActiveCfg = Debug|Any CPU
		{3CC86C19-DAEA-4EE5-85C8-0329883CEFF4}.Debug|Any CPU.Build.0 = Debug|Any CPU
		{3CC86C19-DAEA-4EE5-85C8-0329883CEFF4}.Release|Any CPU.ActiveCfg = Release|Any CPU
		{3CC86C19-DAEA-4EE5-85C8-0329883CEFF4}.Release|Any CPU.Build.0 = Release|Any CPU
		{0612B17E-EE27-4E56-93B8-F56CE165FE6B}.Debug|Any CPU.ActiveCfg = Debug|Any CPU
		{0612B17E-EE27-4E56-93B8-F56CE165FE6B}.Debug|Any CPU.Build.0 = Debug|Any CPU
		{0612B17E-EE27-4E56-93B8-F56CE165FE6B}.Release|Any CPU.ActiveCfg = Release|Any CPU
		{0612B17E-EE27-4E56-93B8-F56CE165FE6B}.Release|Any CPU.Build.0 = Release|Any CPU
	EndGlobalSection
EndGlobal
